
Microsoft Visual Studio Solution File, Format Version 12.00
# Visual Studio 15
VisualStudioVersion = 15.0.28307.489
MinimumVisualStudioVersion = 10.0.40219.1
Project("{FAE04EC0-301F-11D3-BF4B-00C04F79EFBC}") = "AspNetCore2DemoApp", "AspNetCore2DemoApp\AspNetCore2DemoApp.csproj", "{561FC2D5-137D-43F9-8237-F5D55D03A0EC}"
EndProject
Global
	GlobalSection(SolutionConfigurationPlatforms) = preSolution
		Debug|Any CPU = Debug|Any CPU
		Release|Any CPU = Release|Any CPU
	EndGlobalSection
	GlobalSection(ProjectConfigurationPlatforms) = postSolution
		{561FC2D5-137D-43F9-8237-F5D55D03A0EC}.Debug|Any CPU.ActiveCfg = Debug|Any CPU
		{561FC2D5-137D-43F9-8237-F5D55D03A0EC}.Debug|Any CPU.Build.0 = Debug|Any CPU
		{561FC2D5-137D-43F9-8237-F5D55D03A0EC}.Release|Any CPU.ActiveCfg = Release|Any CPU
		{561FC2D5-137D-43F9-8237-F5D55D03A0EC}.Release|Any CPU.Build.0 = Release|Any CPU
	EndGlobalSection
	GlobalSection(SolutionProperties) = preSolution
		HideSolutionNode = FALSE
	EndGlobalSection
	GlobalSection(ExtensibilityGlobals) = postSolution
		SolutionGuid = {A26CB5B7-8081-4508-B93D-7A7FFAABF525}
	EndGlobalSection
EndGlobal
